// !$*UTF8*$!
{
	archiveVersion = 1;
	classes = {
	};
	objectVersion = 56;
	objects = {

/* Begin PBXBuildFile section */
		8C7EACBB2B8F94E700D7D6A9 /* FlightsSearchUIData.swift in Sources */ = {isa = PBXBuildFile; fileRef = 8C7EACBA2B8F94E700D7D6A9 /* FlightsSearchUIData.swift */; };
		8C7EACBF2B8F980200D7D6A9 /* FlightsCellViewModel.swift in Sources */ = {isa = PBXBuildFile; fileRef = 8C7EACBE2B8F980200D7D6A9 /* FlightsCellViewModel.swift */; };
		8C7EACC12B8FA38100D7D6A9 /* FlightUseCase.swift in Sources */ = {isa = PBXBuildFile; fileRef = 8C7EACC02B8FA38100D7D6A9 /* FlightUseCase.swift */; };
		8C7EACC42B8FB40200D7D6A9 /* Kingfisher in Frameworks */ = {isa = PBXBuildFile; productRef = 8C7EACC32B8FB40200D7D6A9 /* Kingfisher */; };
		8CA0E0DC2B8E3D6400A4DAEF /* AppDelegate.swift in Sources */ = {isa = PBXBuildFile; fileRef = 8CA0E0DB2B8E3D6400A4DAEF /* AppDelegate.swift */; };
		8CA0E0DE2B8E3D6400A4DAEF /* SceneDelegate.swift in Sources */ = {isa = PBXBuildFile; fileRef = 8CA0E0DD2B8E3D6400A4DAEF /* SceneDelegate.swift */; };
		8CA0E0E02B8E3D6400A4DAEF /* ViewController.swift in Sources */ = {isa = PBXBuildFile; fileRef = 8CA0E0DF2B8E3D6400A4DAEF /* ViewController.swift */; };
		8CA0E0E32B8E3D6400A4DAEF /* Main.storyboard in Resources */ = {isa = PBXBuildFile; fileRef = 8CA0E0E12B8E3D6400A4DAEF /* Main.storyboard */; };
		8CA0E0E52B8E3D6500A4DAEF /* Assets.xcassets in Resources */ = {isa = PBXBuildFile; fileRef = 8CA0E0E42B8E3D6500A4DAEF /* Assets.xcassets */; };
		8CA0E0E82B8E3D6500A4DAEF /* LaunchScreen.storyboard in Resources */ = {isa = PBXBuildFile; fileRef = 8CA0E0E62B8E3D6500A4DAEF /* LaunchScreen.storyboard */; };
		8CF688362B8E4E6000A5D3C7 /* NetworkManager.swift in Sources */ = {isa = PBXBuildFile; fileRef = 8CF688352B8E4E6000A5D3C7 /* NetworkManager.swift */; };
		8CF688382B8E4E6F00A5D3C7 /* NetworkUtil.swift in Sources */ = {isa = PBXBuildFile; fileRef = 8CF688372B8E4E6F00A5D3C7 /* NetworkUtil.swift */; };
		8CF6883B2B8E4EB500A5D3C7 /* FlightResponse.swift in Sources */ = {isa = PBXBuildFile; fileRef = 8CF6883A2B8E4EB500A5D3C7 /* FlightResponse.swift */; };
		8CF6883E2B8E4EED00A5D3C7 /* FlightViewModel.swift in Sources */ = {isa = PBXBuildFile; fileRef = 8CF6883D2B8E4EED00A5D3C7 /* FlightViewModel.swift */; };
		8CF688412B8E617000A5D3C7 /* FlightsTableViewCell.swift in Sources */ = {isa = PBXBuildFile; fileRef = 8CF6883F2B8E617000A5D3C7 /* FlightsTableViewCell.swift */; };
		8CF688422B8E617000A5D3C7 /* FlightsTableViewCell.xib in Resources */ = {isa = PBXBuildFile; fileRef = 8CF688402B8E617000A5D3C7 /* FlightsTableViewCell.xib */; };
/* End PBXBuildFile section */

/* Begin PBXFileReference section */
		8C7EACBA2B8F94E700D7D6A9 /* FlightsSearchUIData.swift */ = {isa = PBXFileReference; lastKnownFileType = sourcecode.swift; path = FlightsSearchUIData.swift; sourceTree = "<group>"; };
		8C7EACBE2B8F980200D7D6A9 /* FlightsCellViewModel.swift */ = {isa = PBXFileReference; lastKnownFileType = sourcecode.swift; path = FlightsCellViewModel.swift; sourceTree = "<group>"; };
		8C7EACC02B8FA38100D7D6A9 /* FlightUseCase.swift */ = {isa = PBXFileReference; lastKnownFileType = sourcecode.swift; path = FlightUseCase.swift; sourceTree = "<group>"; };
		8CA0E0D82B8E3D6400A4DAEF /* SwiftApi.app */ = {isa = PBXFileReference; explicitFileType = wrapper.application; includeInIndex = 0; path = SwiftApi.app; sourceTree = BUILT_PRODUCTS_DIR; };
		8CA0E0DB2B8E3D6400A4DAEF /* AppDelegate.swift */ = {isa = PBXFileReference; lastKnownFileType = sourcecode.swift; path = AppDelegate.swift; sourceTree = "<group>"; };
		8CA0E0DD2B8E3D6400A4DAEF /* SceneDelegate.swift */ = {isa = PBXFileReference; lastKnownFileType = sourcecode.swift; path = SceneDelegate.swift; sourceTree = "<group>"; };
		8CA0E0DF2B8E3D6400A4DAEF /* ViewController.swift */ = {isa = PBXFileReference; lastKnownFileType = sourcecode.swift; path = ViewController.swift; sourceTree = "<group>"; };
		8CA0E0E22B8E3D6400A4DAEF /* Base */ = {isa = PBXFileReference; lastKnownFileType = file.storyboard; name = Base; path = Base.lproj/Main.storyboard; sourceTree = "<group>"; };
		8CA0E0E42B8E3D6500A4DAEF /* Assets.xcassets */ = {isa = PBXFileReference; lastKnownFileType = folder.assetcatalog; path = Assets.xcassets; sourceTree = "<group>"; };
		8CA0E0E72B8E3D6500A4DAEF /* Base */ = {isa = PBXFileReference; lastKnownFileType = file.storyboard; name = Base; path = Base.lproj/LaunchScreen.storyboard; sourceTree = "<group>"; };
		8CA0E0E92B8E3D6500A4DAEF /* Info.plist */ = {isa = PBXFileReference; lastKnownFileType = text.plist.xml; path = Info.plist; sourceTree = "<group>"; };
		8CF688352B8E4E6000A5D3C7 /* NetworkManager.swift */ = {isa = PBXFileReference; lastKnownFileType = sourcecode.swift; path = NetworkManager.swift; sourceTree = "<group>"; };
		8CF688372B8E4E6F00A5D3C7 /* NetworkUtil.swift */ = {isa = PBXFileReference; lastKnownFileType = sourcecode.swift; path = NetworkUtil.swift; sourceTree = "<group>"; };
		8CF6883A2B8E4EB500A5D3C7 /* FlightResponse.swift */ = {isa = PBXFileReference; lastKnownFileType = sourcecode.swift; path = FlightResponse.swift; sourceTree = "<group>"; };
		8CF6883D2B8E4EED00A5D3C7 /* FlightViewModel.swift */ = {isa = PBXFileReference; lastKnownFileType = sourcecode.swift; path = FlightViewModel.swift; sourceTree = "<group>"; };
		8CF6883F2B8E617000A5D3C7 /* FlightsTableViewCell.swift */ = {isa = PBXFileReference; lastKnownFileType = sourcecode.swift; path = FlightsTableViewCell.swift; sourceTree = "<group>"; };
		8CF688402B8E617000A5D3C7 /* FlightsTableViewCell.xib */ = {isa = PBXFileReference; lastKnownFileType = file.xib; path = FlightsTableViewCell.xib; sourceTree = "<group>"; };
/* End PBXFileReference section */

/* Begin PBXFrameworksBuildPhase section */
		8CA0E0D52B8E3D6400A4DAEF /* Frameworks */ = {
			isa = PBXFrameworksBuildPhase;
			buildActionMask = 2147483647;
			files = (
				8C7EACC42B8FB40200D7D6A9 /* Kingfisher in Frameworks */,
			);
			runOnlyForDeploymentPostprocessing = 0;
		};
/* End PBXFrameworksBuildPhase section */

/* Begin PBXGroup section */
		8C7EACBC2B8F97BF00D7D6A9 /* cell */ = {
			isa = PBXGroup;
			children = (
				8CF6883F2B8E617000A5D3C7 /* FlightsTableViewCell.swift */,
				8CF688402B8E617000A5D3C7 /* FlightsTableViewCell.xib */,
				8C7EACBE2B8F980200D7D6A9 /* FlightsCellViewModel.swift */,
			);
			path = cell;
			sourceTree = "<group>";
		};
		8C7EACBD2B8F97C800D7D6A9 /* flights */ = {
			isa = PBXGroup;
			children = (
				8CA0E0DF2B8E3D6400A4DAEF /* ViewController.swift */,
				8CF6883D2B8E4EED00A5D3C7 /* FlightViewModel.swift */,
				8C7EACC02B8FA38100D7D6A9 /* FlightUseCase.swift */,
			);
			path = flights;
			sourceTree = "<group>";
		};
		8CA0E0CF2B8E3D6400A4DAEF = {
			isa = PBXGroup;
			children = (
				8CA0E0DA2B8E3D6400A4DAEF /* SwiftApi */,
				8CA0E0D92B8E3D6400A4DAEF /* Products */,
			);
			sourceTree = "<group>";
		};
		8CA0E0D92B8E3D6400A4DAEF /* Products */ = {
			isa = PBXGroup;
			children = (
				8CA0E0D82B8E3D6400A4DAEF /* SwiftApi.app */,
			);
			name = Products;
			sourceTree = "<group>";
		};
		8CA0E0DA2B8E3D6400A4DAEF /* SwiftApi */ = {
			isa = PBXGroup;
			children = (
				8CF6883C2B8E4ED700A5D3C7 /* features */,
				8CF688392B8E4EA700A5D3C7 /* model */,
				8CF688342B8E4E4500A5D3C7 /* network */,
				8CA0E0DB2B8E3D6400A4DAEF /* AppDelegate.swift */,
				8CA0E0DD2B8E3D6400A4DAEF /* SceneDelegate.swift */,
				8CA0E0E12B8E3D6400A4DAEF /* Main.storyboard */,
				8CA0E0E42B8E3D6500A4DAEF /* Assets.xcassets */,
				8CA0E0E62B8E3D6500A4DAEF /* LaunchScreen.storyboard */,
				8CA0E0E92B8E3D6500A4DAEF /* Info.plist */,
			);
			path = SwiftApi;
			sourceTree = "<group>";
		};
		8CF688342B8E4E4500A5D3C7 /* network */ = {
			isa = PBXGroup;
			children = (
				8CF688352B8E4E6000A5D3C7 /* NetworkManager.swift */,
				8CF688372B8E4E6F00A5D3C7 /* NetworkUtil.swift */,
			);
			path = network;
			sourceTree = "<group>";
		};
		8CF688392B8E4EA700A5D3C7 /* model */ = {
			isa = PBXGroup;
			children = (
				8CF6883A2B8E4EB500A5D3C7 /* FlightResponse.swift */,
				8C7EACBA2B8F94E700D7D6A9 /* FlightsSearchUIData.swift */,
			);
			path = model;
			sourceTree = "<group>";
		};
		8CF6883C2B8E4ED700A5D3C7 /* features */ = {
			isa = PBXGroup;
			children = (
				8C7EACBD2B8F97C800D7D6A9 /* flights */,
				8C7EACBC2B8F97BF00D7D6A9 /* cell */,
			);
			path = features;
			sourceTree = "<group>";
		};
/* End PBXGroup section */

/* Begin PBXNativeTarget section */
		8CA0E0D72B8E3D6400A4DAEF /* SwiftApi */ = {
			isa = PBXNativeTarget;
			buildConfigurationList = 8CA0E0EC2B8E3D6500A4DAEF /* Build configuration list for PBXNativeTarget "SwiftApi" */;
			buildPhases = (
				8CA0E0D42B8E3D6400A4DAEF /* Sources */,
				8CA0E0D52B8E3D6400A4DAEF /* Frameworks */,
				8CA0E0D62B8E3D6400A4DAEF /* Resources */,
			);
			buildRules = (
			);
			dependencies = (
			);
			name = SwiftApi;
			packageProductDependencies = (
				8C7EACC32B8FB40200D7D6A9 /* Kingfisher */,
			);
			productName = SwiftApi;
			productReference = 8CA0E0D82B8E3D6400A4DAEF /* SwiftApi.app */;
			productType = "com.apple.product-type.application";
		};
/* End PBXNativeTarget section */

/* Begin PBXProject section */
		8CA0E0D02B8E3D6400A4DAEF /* Project object */ = {
			isa = PBXProject;
			attributes = {
				BuildIndependentTargetsInParallel = 1;
				LastSwiftUpdateCheck = 1520;
				LastUpgradeCheck = 1520;
				TargetAttributes = {
					8CA0E0D72B8E3D6400A4DAEF = {
						CreatedOnToolsVersion = 15.2;
					};
				};
			};
			buildConfigurationList = 8CA0E0D32B8E3D6400A4DAEF /* Build configuration list for PBXProject "SwiftApi" */;
			compatibilityVersion = "Xcode 14.0";
			developmentRegion = en;
			hasScannedForEncodings = 0;
			knownRegions = (
				en,
				Base,
			);
			mainGroup = 8CA0E0CF2B8E3D6400A4DAEF;
			packageReferences = (
				8C7EACC22B8FB40200D7D6A9 /* XCRemoteSwiftPackageReference "Kingfisher" */,
			);
			productRefGroup = 8CA0E0D92B8E3D6400A4DAEF /* Products */;
			projectDirPath = "";
			projectRoot = "";
			targets = (
				8CA0E0D72B8E3D6400A4DAEF /* SwiftApi */,
			);
		};
/* End PBXProject section */

/* Begin PBXResourcesBuildPhase section */
		8CA0E0D62B8E3D6400A4DAEF /* Resources */ = {
			isa = PBXResourcesBuildPhase;
			buildActionMask = 2147483647;
			files = (
				8CA0E0E82B8E3D6500A4DAEF /* LaunchScreen.storyboard in Resources */,
				8CF688422B8E617000A5D3C7 /* FlightsTableViewCell.xib in Resources */,
				8CA0E0E52B8E3D6500A4DAEF /* Assets.xcassets in Resources */,
				8CA0E0E32B8E3D6400A4DAEF /* Main.storyboard in Resources */,
			);
			runOnlyForDeploymentPostprocessing = 0;
		};
/* End PBXResourcesBuildPhase section */

/* Begin PBXSourcesBuildPhase section */
		8CA0E0D42B8E3D6400A4DAEF /* Sources */ = {
			isa = PBXSourcesBuildPhase;
			buildActionMask = 2147483647;
			files = (
				8CF6883B2B8E4EB500A5D3C7 /* FlightResponse.swift in Sources */,
				8CF688412B8E617000A5D3C7 /* FlightsTableViewCell.swift in Sources */,
				8C7EACBB2B8F94E700D7D6A9 /* FlightsSearchUIData.swift in Sources */,
				8CF688382B8E4E6F00A5D3C7 /* NetworkUtil.swift in Sources */,
				8CF6883E2B8E4EED00A5D3C7 /* FlightViewModel.swift in Sources */,
				8C7EACC12B8FA38100D7D6A9 /* FlightUseCase.swift in Sources */,
				8CF688362B8E4E6000A5D3C7 /* NetworkManager.swift in Sources */,
				8C7EACBF2B8F980200D7D6A9 /* FlightsCellViewModel.swift in Sources */,
				8CA0E0E02B8E3D6400A4DAEF /* ViewController.swift in Sources */,
				8CA0E0DC2B8E3D6400A4DAEF /* AppDelegate.swift in Sources */,
				8CA0E0DE2B8E3D6400A4DAEF /* SceneDelegate.swift in Sources */,
			);
			runOnlyForDeploymentPostprocessing = 0;
		};
/* End PBXSourcesBuildPhase section */

/* Begin PBXVariantGroup section */
		8CA0E0E12B8E3D6400A4DAEF /* Main.storyboard */ = {
			isa = PBXVariantGroup;
			children = (
				8CA0E0E22B8E3D6400A4DAEF /* Base */,
			);
			name = Main.storyboard;
			sourceTree = "<group>";
		};
		8CA0E0E62B8E3D6500A4DAEF /* LaunchScreen.storyboard */ = {
			isa = PBXVariantGroup;
			children = (
				8CA0E0E72B8E3D6500A4DAEF /* Base */,
			);
			name = LaunchScreen.storyboard;
			sourceTree = "<group>";
		};
/* End PBXVariantGroup section */

/* Begin XCBuildConfiguration section */
		8CA0E0EA2B8E3D6500A4DAEF /* Debug */ = {
			isa = XCBuildConfiguration;
			buildSettings = {
				ALWAYS_SEARCH_USER_PATHS = NO;
				ASSETCATALOG_COMPILER_GENERATE_SWIFT_ASSET_SYMBOL_EXTENSIONS = YES;
				CLANG_ANALYZER_NONNULL = YES;
				CLANG_ANALYZER_NUMBER_OBJECT_CONVERSION = YES_AGGRESSIVE;
				CLANG_CXX_LANGUAGE_STANDARD = "gnu++20";
				CLANG_ENABLE_MODULES = YES;
				CLANG_ENABLE_OBJC_ARC = YES;
				CLANG_ENABLE_OBJC_WEAK = YES;
				CLANG_WARN_BLOCK_CAPTURE_AUTORELEASING = YES;
				CLANG_WARN_BOOL_CONVERSION = YES;
				CLANG_WARN_COMMA = YES;
				CLANG_WARN_CONSTANT_CONVERSION = YES;
				CLANG_WARN_DEPRECATED_OBJC_IMPLEMENTATIONS = YES;
				CLANG_WARN_DIRECT_OBJC_ISA_USAGE = YES_ERROR;
				CLANG_WARN_DOCUMENTATION_COMMENTS = YES;
				CLANG_WARN_EMPTY_BODY = YES;
				CLANG_WARN_ENUM_CONVERSION = YES;
				CLANG_WARN_INFINITE_RECURSION = YES;
				CLANG_WARN_INT_CONVERSION = YES;
				CLANG_WARN_NON_LITERAL_NULL_CONVERSION = YES;
				CLANG_WARN_OBJC_IMPLICIT_RETAIN_SELF = YES;
				CLANG_WARN_OBJC_LITERAL_CONVERSION = YES;
				CLANG_WARN_OBJC_ROOT_CLASS = YES_ERROR;
				CLANG_WARN_QUOTED_INCLUDE_IN_FRAMEWORK_HEADER = YES;
				CLANG_WARN_RANGE_LOOP_ANALYSIS = YES;
				CLANG_WARN_STRICT_PROTOTYPES = YES;
				CLANG_WARN_SUSPICIOUS_MOVE = YES;
				CLANG_WARN_UNGUARDED_AVAILABILITY = YES_AGGRESSIVE;
				CLANG_WARN_UNREACHABLE_CODE = YES;
				CLANG_WARN__DUPLICATE_METHOD_MATCH = YES;
				COPY_PHASE_STRIP = NO;
				DEBUG_INFORMATION_FORMAT = dwarf;
				ENABLE_STRICT_OBJC_MSGSEND = YES;
				ENABLE_TESTABILITY = YES;
				ENABLE_USER_SCRIPT_SANDBOXING = YES;
				GCC_C_LANGUAGE_STANDARD = gnu17;
				GCC_DYNAMIC_NO_PIC = NO;
				GCC_NO_COMMON_BLOCKS = YES;
				GCC_OPTIMIZATION_LEVEL = 0;
				GCC_PREPROCESSOR_DEFINITIONS = (
					"DEBUG=1",
					"$(inherited)",
				);
				GCC_WARN_64_TO_32_BIT_CONVERSION = YES;
				GCC_WARN_ABOUT_RETURN_TYPE = YES_ERROR;
				GCC_WARN_UNDECLARED_SELECTOR = YES;
				GCC_WARN_UNINITIALIZED_AUTOS = YES_AGGRESSIVE;
				GCC_WARN_UNUSED_FUNCTION = YES;
				GCC_WARN_UNUSED_VARIABLE = YES;
				IPHONEOS_DEPLOYMENT_TARGET = 17.2;
				LOCALIZATION_PREFERS_STRING_CATALOGS = YES;
				MTL_ENABLE_DEBUG_INFO = INCLUDE_SOURCE;
				MTL_FAST_MATH = YES;
				ONLY_ACTIVE_ARCH = YES;
				SDKROOT = iphoneos;
				SWIFT_ACTIVE_COMPILATION_CONDITIONS = "DEBUG $(inherited)";
				SWIFT_OPTIMIZATION_LEVEL = "-Onone";
			};
			name = Debug;
		};
		8CA0E0EB2B8E3D6500A4DAEF /* Release */ = {
			isa = XCBuildConfiguration;
			buildSettings = {
				ALWAYS_SEARCH_USER_PATHS = NO;
				ASSETCATALOG_COMPILER_GENERATE_SWIFT_ASSET_SYMBOL_EXTENSIONS = YES;
				CLANG_ANALYZER_NONNULL = YES;
				CLANG_ANALYZER_NUMBER_OBJECT_CONVERSION = YES_AGGRESSIVE;
				CLANG_CXX_LANGUAGE_STANDARD = "gnu++20";
				CLANG_ENABLE_MODULES = YES;
				CLANG_ENABLE_OBJC_ARC = YES;
				CLANG_ENABLE_OBJC_WEAK = YES;
				CLANG_WARN_BLOCK_CAPTURE_AUTORELEASING = YES;
				CLANG_WARN_BOOL_CONVERSION = YES;
				CLANG_WARN_COMMA = YES;
				CLANG_WARN_CONSTANT_CONVERSION = YES;
				CLANG_WARN_DEPRECATED_OBJC_IMPLEMENTATIONS = YES;
				CLANG_WARN_DIRECT_OBJC_ISA_USAGE = YES_ERROR;
				CLANG_WARN_DOCUMENTATION_COMMENTS = YES;
				CLANG_WARN_EMPTY_BODY = YES;
				CLANG_WARN_ENUM_CONVERSION = YES;
				CLANG_WARN_INFINITE_RECURSION = YES;
				CLANG_WARN_INT_CONVERSION = YES;
				CLANG_WARN_NON_LITERAL_NULL_CONVERSION = YES;
				CLANG_WARN_OBJC_IMPLICIT_RETAIN_SELF = YES;
				CLANG_WARN_OBJC_LITERAL_CONVERSION = YES;
				CLANG_WARN_OBJC_ROOT_CLASS = YES_ERROR;
				CLANG_WARN_QUOTED_INCLUDE_IN_FRAMEWORK_HEADER = YES;
				CLANG_WARN_RANGE_LOOP_ANALYSIS = YES;
				CLANG_WARN_STRICT_PROTOTYPES = YES;
				CLANG_WARN_SUSPICIOUS_MOVE = YES;
				CLANG_WARN_UNGUARDED_AVAILABILITY = YES_AGGRESSIVE;
				CLANG_WARN_UNREACHABLE_CODE = YES;
				CLANG_WARN__DUPLICATE_METHOD_MATCH = YES;
				COPY_PHASE_STRIP = NO;
				DEBUG_INFORMATION_FORMAT = "dwarf-with-dsym";
				ENABLE_NS_ASSERTIONS = NO;
				ENABLE_STRICT_OBJC_MSGSEND = YES;
				ENABLE_USER_SCRIPT_SANDBOXING = YES;
				GCC_C_LANGUAGE_STANDARD = gnu17;
				GCC_NO_COMMON_BLOCKS = YES;
				GCC_WARN_64_TO_32_BIT_CONVERSION = YES;
				GCC_WARN_ABOUT_RETURN_TYPE = YES_ERROR;
				GCC_WARN_UNDECLARED_SELECTOR = YES;
				GCC_WARN_UNINITIALIZED_AUTOS = YES_AGGRESSIVE;
				GCC_WARN_UNUSED_FUNCTION = YES;
				GCC_WARN_UNUSED_VARIABLE = YES;
				IPHONEOS_DEPLOYMENT_TARGET = 17.2;
				LOCALIZATION_PREFERS_STRING_CATALOGS = YES;
				MTL_ENABLE_DEBUG_INFO = NO;
				MTL_FAST_MATH = YES;
				SDKROOT = iphoneos;
				SWIFT_COMPILATION_MODE = wholemodule;
				VALIDATE_PRODUCT = YES;
			};
			name = Release;
		};
		8CA0E0ED2B8E3D6500A4DAEF /* Debug */ = {
			isa = XCBuildConfiguration;
			buildSettings = {
				ASSETCATALOG_COMPILER_APPICON_NAME = AppIcon;
				ASSETCATALOG_COMPILER_GLOBAL_ACCENT_COLOR_NAME = AccentColor;
				CODE_SIGN_STYLE = Automatic;
				CURRENT_PROJECT_VERSION = 1;
				DEVELOPMENT_TEAM = NC8RY4LS3T;
				GENERATE_INFOPLIST_FILE = YES;
				INFOPLIST_FILE = SwiftApi/Info.plist;
				INFOPLIST_KEY_UIApplicationSupportsIndirectInputEvents = YES;
				INFOPLIST_KEY_UILaunchStoryboardName = LaunchScreen;
				INFOPLIST_KEY_UIMainStoryboardFile = Main;
				INFOPLIST_KEY_UISupportedInterfaceOrientations_iPad = "UIInterfaceOrientationPortrait UIInterfaceOrientationPortraitUpsideDown UIInterfaceOrientationLandscapeLeft UIInterfaceOrientationLandscapeRight";
				INFOPLIST_KEY_UISupportedInterfaceOrientations_iPhone = "UIInterfaceOrientationPortrait UIInterfaceOrientationLandscapeLeft UIInterfaceOrientationLandscapeRight";
				LD_RUNPATH_SEARCH_PATHS = (
					"$(inherited)",
					"@executable_path/Frameworks",
				);
				MARKETING_VERSION = 1.0;
				PRODUCT_BUNDLE_IDENTIFIER = com.islamzada.SwiftApi;
				PRODUCT_NAME = "$(TARGET_NAME)";
				SWIFT_EMIT_LOC_STRINGS = YES;
				SWIFT_VERSION = 5.0;
				TARGETED_DEVICE_FAMILY = "1,2";
			};
			name = Debug;
		};
		8CA0E0EE2B8E3D6500A4DAEF /* Release */ = {
			isa = XCBuildConfiguration;
			buildSettings = {
				ASSETCATALOG_COMPILER_APPICON_NAME = AppIcon;
				ASSETCATALOG_COMPILER_GLOBAL_ACCENT_COLOR_NAME = AccentColor;
				CODE_SIGN_STYLE = Automatic;
				CURRENT_PROJECT_VERSION = 1;
				DEVELOPMENT_TEAM = NC8RY4LS3T;
				GENERATE_INFOPLIST_FILE = YES;
				INFOPLIST_FILE = SwiftApi/Info.plist;
				INFOPLIST_KEY_UIApplicationSupportsIndirectInputEvents = YES;
				INFOPLIST_KEY_UILaunchStoryboardName = LaunchScreen;
				INFOPLIST_KEY_UIMainStoryboardFile = Main;
				INFOPLIST_KEY_UISupportedInterfaceOrientations_iPad = "UIInterfaceOrientationPortrait UIInterfaceOrientationPortraitUpsideDown UIInterfaceOrientationLandscapeLeft UIInterfaceOrientationLandscapeRight";
				INFOPLIST_KEY_UISupportedInterfaceOrientations_iPhone = "UIInterfaceOrientationPortrait UIInterfaceOrientationLandscapeLeft UIInterfaceOrientationLandscapeRight";
				LD_RUNPATH_SEARCH_PATHS = (
					"$(inherited)",
					"@executable_path/Frameworks",
				);
				MARKETING_VERSION = 1.0;
				PRODUCT_BUNDLE_IDENTIFIER = com.islamzada.SwiftApi;
				PRODUCT_NAME = "$(TARGET_NAME)";
				SWIFT_EMIT_LOC_STRINGS = YES;
				SWIFT_VERSION = 5.0;
				TARGETED_DEVICE_FAMILY = "1,2";
			};
			name = Release;
		};
/* End XCBuildConfiguration section */

/* Begin XCConfigurationList section */
		8CA0E0D32B8E3D6400A4DAEF /* Build configuration list for PBXProject "SwiftApi" */ = {
			isa = XCConfigurationList;
			buildConfigurations = (
				8CA0E0EA2B8E3D6500A4DAEF /* Debug */,
				8CA0E0EB2B8E3D6500A4DAEF /* Release */,
			);
			defaultConfigurationIsVisible = 0;
			defaultConfigurationName = Release;
		};
		8CA0E0EC2B8E3D6500A4DAEF /* Build configuration list for PBXNativeTarget "SwiftApi" */ = {
			isa = XCConfigurationList;
			buildConfigurations = (
				8CA0E0ED2B8E3D6500A4DAEF /* Debug */,
				8CA0E0EE2B8E3D6500A4DAEF /* Release */,
			);
			defaultConfigurationIsVisible = 0;
			defaultConfigurationName = Release;
		};
/* End XCConfigurationList section */

/* Begin XCRemoteSwiftPackageReference section */
		8C7EACC22B8FB40200D7D6A9 /* XCRemoteSwiftPackageReference "Kingfisher" */ = {
			isa = XCRemoteSwiftPackageReference;
			repositoryURL = "https://github.com/onevcat/Kingfisher.git";
			requirement = {
				kind = upToNextMajorVersion;
				minimumVersion = 7.11.0;
			};
		};
/* End XCRemoteSwiftPackageReference section */

/* Begin XCSwiftPackageProductDependency section */
		8C7EACC32B8FB40200D7D6A9 /* Kingfisher */ = {
			isa = XCSwiftPackageProductDependency;
			package = 8C7EACC22B8FB40200D7D6A9 /* XCRemoteSwiftPackageReference "Kingfisher" */;
			productName = Kingfisher;
		};
/* End XCSwiftPackageProductDependency section */
	};
	rootObject = 8CA0E0D02B8E3D6400A4DAEF /* Project object */;
}
